
Microsoft Visual Studio Solution File, Format Version 10.00
# Visual Studio 2008
Project("{FAE04EC0-301F-11D3-BF4B-00C04F79EFBC}") = "WhatUnavailableAlbums", "WhatUnavailableAlbums\WhatUnavailableAlbums.csproj", "{B2AE5EA2-1468-4F3D-8DFA-FC791FF5FAA6}"
EndProject
Global
	GlobalSection(SolutionConfigurationPlatforms) = preSolution
		Debug|Any CPU = Debug|Any CPU
		Release|Any CPU = Release|Any CPU
	EndGlobalSection
	GlobalSection(ProjectConfigurationPlatforms) = postSolution
		{B2AE5EA2-1468-4F3D-8DFA-FC791FF5FAA6}.Debug|Any CPU.ActiveCfg = Debug|Any CPU
		{B2AE5EA2-1468-4F3D-8DFA-FC791FF5FAA6}.Debug|Any CPU.Build.0 = Debug|Any CPU
		{B2AE5EA2-1468-4F3D-8DFA-FC791FF5FAA6}.Release|Any CPU.ActiveCfg = Release|Any CPU
		{B2AE5EA2-1468-4F3D-8DFA-FC791FF5FAA6}.Release|Any CPU.Build.0 = Release|Any CPU
	EndGlobalSection
	GlobalSection(SolutionProperties) = preSolution
		HideSolutionNode = FALSE
	EndGlobalSection
EndGlobal
